
Microsoft Visual Studio Solution File, Format Version 12.00
# Visual Studio Version 16
VisualStudioVersion = 16.0.30717.126
MinimumVisualStudioVersion = 10.0.40219.1
Project("{9A19103F-16F7-4668-BE54-9A1E7A4F7556}") = "Entities", "Entities\Entities.csproj", "{10A5A649-D0FD-4482-910B-CA1599E978ED}"
EndProject
Project("{9A19103F-16F7-4668-BE54-9A1E7A4F7556}") = "DataAccess", "DataAccess\DataAccess.csproj", "{EAC09926-7D1C-46EA-9FCE-D07C27BDF0C4}"
EndProject
Project("{9A19103F-16F7-4668-BE54-9A1E7A4F7556}") = "Business", "Business\Business.csproj", "{E93531A5-837E-4506-9571-E7565484D8B9}"
EndProject
Project("{9A19103F-16F7-4668-BE54-9A1E7A4F7556}") = "ConsoleApp", "Console\ConsoleApp.csproj", "{2BC99A4F-4460-42F0-8DB9-2EB7EA15071D}"
EndProject
Project("{FAE04EC0-301F-11D3-BF4B-00C04F79EFBC}") = "Core", "Core\Core.csproj", "{40493844-93F1-4F95-B447-C225C822EDD3}"
EndProject
Global
	GlobalSection(SolutionConfigurationPlatforms) = preSolution
		Debug|Any CPU = Debug|Any CPU
		Release|Any CPU = Release|Any CPU
	EndGlobalSection
	GlobalSection(ProjectConfigurationPlatforms) = postSolution
		{10A5A649-D0FD-4482-910B-CA1599E978ED}.Debug|Any CPU.ActiveCfg = Debug|Any CPU
		{10A5A649-D0FD-4482-910B-CA1599E978ED}.Debug|Any CPU.Build.0 = Debug|Any CPU
		{10A5A649-D0FD-4482-910B-CA1599E978ED}.Release|Any CPU.ActiveCfg = Release|Any CPU
		{10A5A649-D0FD-4482-910B-CA1599E978ED}.Release|Any CPU.Build.0 = Release|Any CPU
		{EAC09926-7D1C-46EA-9FCE-D07C27BDF0C4}.Debug|Any CPU.ActiveCfg = Debug|Any CPU
		{EAC09926-7D1C-46EA-9FCE-D07C27BDF0C4}.Debug|Any CPU.Build.0 = Debug|Any CPU
		{EAC09926-7D1C-46EA-9FCE-D07C27BDF0C4}.Release|Any CPU.ActiveCfg = Release|Any CPU
		{EAC09926-7D1C-46EA-9FCE-D07C27BDF0C4}.Release|Any CPU.Build.0 = Release|Any CPU
		{E93531A5-837E-4506-9571-E7565484D8B9}.Debug|Any CPU.ActiveCfg = Debug|Any CPU
		{E93531A5-837E-4506-9571-E7565484D8B9}.Debug|Any CPU.Build.0 = Debug|Any CPU
		{E93531A5-837E-4506-9571-E7565484D8B9}.Release|Any CPU.ActiveCfg = Release|Any CPU
		{E93531A5-837E-4506-9571-E7565484D8B9}.Release|Any CPU.Build.0 = Release|Any CPU
		{2BC99A4F-4460-42F0-8DB9-2EB7EA15071D}.Debug|Any CPU.ActiveCfg = Debug|Any CPU
		{2BC99A4F-4460-42F0-8DB9-2EB7EA15071D}.Debug|Any CPU.Build.0 = Debug|Any CPU
		{2BC99A4F-4460-42F0-8DB9-2EB7EA15071D}.Release|Any CPU.ActiveCfg = Release|Any CPU
		{2BC99A4F-4460-42F0-8DB9-2EB7EA15071D}.Release|Any CPU.Build.0 = Release|Any CPU
		{40493844-93F1-4F95-B447-C225C822EDD3}.Debug|Any CPU.ActiveCfg = Debug|Any CPU
		{40493844-93F1-4F95-B447-C225C822EDD3}.Debug|Any CPU.Build.0 = Debug|Any CPU
		{40493844-93F1-4F95-B447-C225C822EDD3}.Release|Any CPU.ActiveCfg = Release|Any CPU
		{40493844-93F1-4F95-B447-C225C822EDD3}.Release|Any CPU.Build.0 = Release|Any CPU
	EndGlobalSection
	GlobalSection(SolutionProperties) = preSolution
		HideSolutionNode = FALSE
	EndGlobalSection
	GlobalSection(ExtensibilityGlobals) = postSolution
		SolutionGuid = {2D9F3E44-A63B-4830-8605-3921EB64193D}
	EndGlobalSection
EndGlobal
